// !$*UTF8*$!
{
	archiveVersion = 1;
	classes = {
	};
	objectVersion = 50;
	objects = {

/* Begin PBXBuildFile section */
		9CBE717924F7EC1F007A652A /* InformationPostingViewController.swift in Sources */ = {isa = PBXBuildFile; fileRef = 9CBE717824F7EC1F007A652A /* InformationPostingViewController.swift */; };
		9CBE717B24F7EC79007A652A /* InformationPostingMapViewController.swift in Sources */ = {isa = PBXBuildFile; fileRef = 9CBE717A24F7EC79007A652A /* InformationPostingMapViewController.swift */; };
		9CD145A124F5A6490010EC69 /* AppDelegate.swift in Sources */ = {isa = PBXBuildFile; fileRef = 9CD145A024F5A6490010EC69 /* AppDelegate.swift */; };
		9CD145A324F5A6490010EC69 /* SceneDelegate.swift in Sources */ = {isa = PBXBuildFile; fileRef = 9CD145A224F5A6490010EC69 /* SceneDelegate.swift */; };
		9CD145A524F5A6490010EC69 /* StudentLocationsMapViewController.swift in Sources */ = {isa = PBXBuildFile; fileRef = 9CD145A424F5A6490010EC69 /* StudentLocationsMapViewController.swift */; };
		9CD145A824F5A6490010EC69 /* Main.storyboard in Resources */ = {isa = PBXBuildFile; fileRef = 9CD145A624F5A6490010EC69 /* Main.storyboard */; };
		9CD145AA24F5A64F0010EC69 /* Assets.xcassets in Resources */ = {isa = PBXBuildFile; fileRef = 9CD145A924F5A64F0010EC69 /* Assets.xcassets */; };
		9CD145AD24F5A64F0010EC69 /* LaunchScreen.storyboard in Resources */ = {isa = PBXBuildFile; fileRef = 9CD145AB24F5A64F0010EC69 /* LaunchScreen.storyboard */; };
		9CD145BA24F5AAF10010EC69 /* GatewayFactory.swift in Sources */ = {isa = PBXBuildFile; fileRef = 9CD145B924F5AAF10010EC69 /* GatewayFactory.swift */; };
		9CD145BC24F5AB560010EC69 /* Gateway.swift in Sources */ = {isa = PBXBuildFile; fileRef = 9CD145BB24F5AB560010EC69 /* Gateway.swift */; };
		9CD145BE24F5AB790010EC69 /* MockGateway.swift in Sources */ = {isa = PBXBuildFile; fileRef = 9CD145BD24F5AB790010EC69 /* MockGateway.swift */; };
		9CD145C024F5AB9B0010EC69 /* HttpGateway.swift in Sources */ = {isa = PBXBuildFile; fileRef = 9CD145BF24F5AB9B0010EC69 /* HttpGateway.swift */; };
		9CD145C724F5B1170010EC69 /* post-student-location.json in Resources */ = {isa = PBXBuildFile; fileRef = 9CD145C124F5B1170010EC69 /* post-student-location.json */; };
		9CD145C824F5B1170010EC69 /* put-student-location.json in Resources */ = {isa = PBXBuildFile; fileRef = 9CD145C224F5B1170010EC69 /* put-student-location.json */; };
		9CD145C924F5B1170010EC69 /* post-session.json in Resources */ = {isa = PBXBuildFile; fileRef = 9CD145C324F5B1170010EC69 /* post-session.json */; };
		9CD145CA24F5B1170010EC69 /* delete-session.json in Resources */ = {isa = PBXBuildFile; fileRef = 9CD145C424F5B1170010EC69 /* delete-session.json */; };
		9CD145CB24F5B1170010EC69 /* get-student-locations.json in Resources */ = {isa = PBXBuildFile; fileRef = 9CD145C524F5B1170010EC69 /* get-student-locations.json */; };
		9CD145CC24F5B1170010EC69 /* get-user-data.json in Resources */ = {isa = PBXBuildFile; fileRef = 9CD145C624F5B1170010EC69 /* get-user-data.json */; };
		9CD145D224F645D90010EC69 /* StudentLocation.swift in Sources */ = {isa = PBXBuildFile; fileRef = 9CD145D124F645D90010EC69 /* StudentLocation.swift */; };
		9CD145D424F646850010EC69 /* StudentLocationsResults.swift in Sources */ = {isa = PBXBuildFile; fileRef = 9CD145D324F646850010EC69 /* StudentLocationsResults.swift */; };
		9CD145D724F7972E0010EC69 /* StudentLocationsTableViewController.swift in Sources */ = {isa = PBXBuildFile; fileRef = 9CD145D624F7972E0010EC69 /* StudentLocationsTableViewController.swift */; };
		9CF321E924FD830B00110697 /* AddStudentLocationResponse.swift in Sources */ = {isa = PBXBuildFile; fileRef = 9CF321E824FD830B00110697 /* AddStudentLocationResponse.swift */; };
		9CF321EC24FD8E5F00110697 /* Models.swift in Sources */ = {isa = PBXBuildFile; fileRef = 9CF321EB24FD8E5F00110697 /* Models.swift */; };
		9CF321EE24FE368600110697 /* UpdateStudentLocationResponse.swift in Sources */ = {isa = PBXBuildFile; fileRef = 9CF321ED24FE368500110697 /* UpdateStudentLocationResponse.swift */; };
/* End PBXBuildFile section */

/* Begin PBXFileReference section */
		9CBE717824F7EC1F007A652A /* InformationPostingViewController.swift */ = {isa = PBXFileReference; lastKnownFileType = sourcecode.swift; path = InformationPostingViewController.swift; sourceTree = "<group>"; };
		9CBE717A24F7EC79007A652A /* InformationPostingMapViewController.swift */ = {isa = PBXFileReference; lastKnownFileType = sourcecode.swift; path = InformationPostingMapViewController.swift; sourceTree = "<group>"; };
		9CD1459D24F5A6490010EC69 /* OnTheMap.app */ = {isa = PBXFileReference; explicitFileType = wrapper.application; includeInIndex = 0; path = OnTheMap.app; sourceTree = BUILT_PRODUCTS_DIR; };
		9CD145A024F5A6490010EC69 /* AppDelegate.swift */ = {isa = PBXFileReference; lastKnownFileType = sourcecode.swift; path = AppDelegate.swift; sourceTree = "<group>"; };
		9CD145A224F5A6490010EC69 /* SceneDelegate.swift */ = {isa = PBXFileReference; lastKnownFileType = sourcecode.swift; path = SceneDelegate.swift; sourceTree = "<group>"; };
		9CD145A424F5A6490010EC69 /* StudentLocationsMapViewController.swift */ = {isa = PBXFileReference; lastKnownFileType = sourcecode.swift; path = StudentLocationsMapViewController.swift; sourceTree = "<group>"; };
		9CD145A724F5A6490010EC69 /* Base */ = {isa = PBXFileReference; lastKnownFileType = file.storyboard; name = Base; path = Base.lproj/Main.storyboard; sourceTree = "<group>"; };
		9CD145A924F5A64F0010EC69 /* Assets.xcassets */ = {isa = PBXFileReference; lastKnownFileType = folder.assetcatalog; path = Assets.xcassets; sourceTree = "<group>"; };
		9CD145AC24F5A64F0010EC69 /* Base */ = {isa = PBXFileReference; lastKnownFileType = file.storyboard; name = Base; path = Base.lproj/LaunchScreen.storyboard; sourceTree = "<group>"; };
		9CD145AE24F5A64F0010EC69 /* Info.plist */ = {isa = PBXFileReference; lastKnownFileType = text.plist.xml; path = Info.plist; sourceTree = "<group>"; };
		9CD145B924F5AAF10010EC69 /* GatewayFactory.swift */ = {isa = PBXFileReference; lastKnownFileType = sourcecode.swift; path = GatewayFactory.swift; sourceTree = "<group>"; };
		9CD145BB24F5AB560010EC69 /* Gateway.swift */ = {isa = PBXFileReference; lastKnownFileType = sourcecode.swift; path = Gateway.swift; sourceTree = "<group>"; };
		9CD145BD24F5AB790010EC69 /* MockGateway.swift */ = {isa = PBXFileReference; lastKnownFileType = sourcecode.swift; path = MockGateway.swift; sourceTree = "<group>"; };
		9CD145BF24F5AB9B0010EC69 /* HttpGateway.swift */ = {isa = PBXFileReference; lastKnownFileType = sourcecode.swift; path = HttpGateway.swift; sourceTree = "<group>"; };
		9CD145C124F5B1170010EC69 /* post-student-location.json */ = {isa = PBXFileReference; fileEncoding = 4; lastKnownFileType = text.json; path = "post-student-location.json"; sourceTree = "<group>"; };
		9CD145C224F5B1170010EC69 /* put-student-location.json */ = {isa = PBXFileReference; fileEncoding = 4; lastKnownFileType = text.json; path = "put-student-location.json"; sourceTree = "<group>"; };
		9CD145C324F5B1170010EC69 /* post-session.json */ = {isa = PBXFileReference; fileEncoding = 4; lastKnownFileType = text.json; path = "post-session.json"; sourceTree = "<group>"; };
		9CD145C424F5B1170010EC69 /* delete-session.json */ = {isa = PBXFileReference; fileEncoding = 4; lastKnownFileType = text.json; path = "delete-session.json"; sourceTree = "<group>"; };
		9CD145C524F5B1170010EC69 /* get-student-locations.json */ = {isa = PBXFileReference; fileEncoding = 4; lastKnownFileType = text.json; path = "get-student-locations.json"; sourceTree = "<group>"; };
		9CD145C624F5B1170010EC69 /* get-user-data.json */ = {isa = PBXFileReference; fileEncoding = 4; lastKnownFileType = text.json; path = "get-user-data.json"; sourceTree = "<group>"; };
		9CD145D124F645D90010EC69 /* StudentLocation.swift */ = {isa = PBXFileReference; lastKnownFileType = sourcecode.swift; path = StudentLocation.swift; sourceTree = "<group>"; };
		9CD145D324F646850010EC69 /* StudentLocationsResults.swift */ = {isa = PBXFileReference; lastKnownFileType = sourcecode.swift; path = StudentLocationsResults.swift; sourceTree = "<group>"; };
		9CD145D524F6511E0010EC69 /* post-session-error.json */ = {isa = PBXFileReference; lastKnownFileType = text.json; path = "post-session-error.json"; sourceTree = "<group>"; };
		9CD145D624F7972E0010EC69 /* StudentLocationsTableViewController.swift */ = {isa = PBXFileReference; lastKnownFileType = sourcecode.swift; path = StudentLocationsTableViewController.swift; sourceTree = "<group>"; };
		9CF321E824FD830B00110697 /* AddStudentLocationResponse.swift */ = {isa = PBXFileReference; lastKnownFileType = sourcecode.swift; path = AddStudentLocationResponse.swift; sourceTree = "<group>"; };
		9CF321EB24FD8E5F00110697 /* Models.swift */ = {isa = PBXFileReference; lastKnownFileType = sourcecode.swift; path = Models.swift; sourceTree = "<group>"; };
		9CF321ED24FE368500110697 /* UpdateStudentLocationResponse.swift */ = {isa = PBXFileReference; lastKnownFileType = sourcecode.swift; path = UpdateStudentLocationResponse.swift; sourceTree = "<group>"; };
/* End PBXFileReference section */

/* Begin PBXFrameworksBuildPhase section */
		9CD1459A24F5A6490010EC69 /* Frameworks */ = {
			isa = PBXFrameworksBuildPhase;
			buildActionMask = 2147483647;
			files = (
			);
			runOnlyForDeploymentPostprocessing = 0;
		};
/* End PBXFrameworksBuildPhase section */

/* Begin PBXGroup section */
		9CD1459424F5A6490010EC69 = {
			isa = PBXGroup;
			children = (
				9CD1459F24F5A6490010EC69 /* OnTheMap */,
				9CD1459E24F5A6490010EC69 /* Products */,
			);
			sourceTree = "<group>";
		};
		9CD1459E24F5A6490010EC69 /* Products */ = {
			isa = PBXGroup;
			children = (
				9CD1459D24F5A6490010EC69 /* OnTheMap.app */,
			);
			name = Products;
			sourceTree = "<group>";
		};
		9CD1459F24F5A6490010EC69 /* OnTheMap */ = {
			isa = PBXGroup;
			children = (
				9CD145A024F5A6490010EC69 /* AppDelegate.swift */,
				9CD145A224F5A6490010EC69 /* SceneDelegate.swift */,
				9CD145AE24F5A64F0010EC69 /* Info.plist */,
				9CD145B724F5A7A10010EC69 /* Model */,
				9CD145B424F5A7000010EC69 /* Controller */,
				9CD145B524F5A76A0010EC69 /* View */,
				9CD145B624F5A77D0010EC69 /* Assets */,
			);
			path = OnTheMap;
			sourceTree = "<group>";
		};
		9CD145B424F5A7000010EC69 /* Controller */ = {
			isa = PBXGroup;
			children = (
				9CD145A424F5A6490010EC69 /* StudentLocationsMapViewController.swift */,
				9CD145D624F7972E0010EC69 /* StudentLocationsTableViewController.swift */,
				9CBE717824F7EC1F007A652A /* InformationPostingViewController.swift */,
				9CBE717A24F7EC79007A652A /* InformationPostingMapViewController.swift */,
			);
			path = Controller;
			sourceTree = "<group>";
		};
		9CD145B524F5A76A0010EC69 /* View */ = {
			isa = PBXGroup;
			children = (
				9CD145A624F5A6490010EC69 /* Main.storyboard */,
				9CD145AB24F5A64F0010EC69 /* LaunchScreen.storyboard */,
			);
			path = View;
			sourceTree = "<group>";
		};
		9CD145B624F5A77D0010EC69 /* Assets */ = {
			isa = PBXGroup;
			children = (
				9CD145CF24F5B1AB0010EC69 /* MockData */,
				9CD145A924F5A64F0010EC69 /* Assets.xcassets */,
			);
			path = Assets;
			sourceTree = "<group>";
		};
		9CD145B724F5A7A10010EC69 /* Model */ = {
			isa = PBXGroup;
			children = (
				9CD145B824F5A7B30010EC69 /* Data */,
				9CF321EA24FD8E3400110697 /* Gateway */,
				9CD145D024F645A40010EC69 /* ParseResponses */,
			);
			path = Model;
			sourceTree = "<group>";
		};
		9CD145B824F5A7B30010EC69 /* Data */ = {
			isa = PBXGroup;
			children = (
				9CF321EB24FD8E5F00110697 /* Models.swift */,
			);
			path = Data;
			sourceTree = "<group>";
		};
		9CD145CD24F5B1540010EC69 /* ParseResponses */ = {
			isa = PBXGroup;
			children = (
				9CD145C524F5B1170010EC69 /* get-student-locations.json */,
				9CD145C124F5B1170010EC69 /* post-student-location.json */,
				9CD145C224F5B1170010EC69 /* put-student-location.json */,
			);
			path = ParseResponses;
			sourceTree = "<group>";
		};
		9CD145CE24F5B1880010EC69 /* UdacityResponses */ = {
			isa = PBXGroup;
			children = (
				9CD145C324F5B1170010EC69 /* post-session.json */,
				9CD145D524F6511E0010EC69 /* post-session-error.json */,
				9CD145C424F5B1170010EC69 /* delete-session.json */,
				9CD145C624F5B1170010EC69 /* get-user-data.json */,
			);
			path = UdacityResponses;
			sourceTree = "<group>";
		};
		9CD145CF24F5B1AB0010EC69 /* MockData */ = {
			isa = PBXGroup;
			children = (
				9CD145CD24F5B1540010EC69 /* ParseResponses */,
				9CD145CE24F5B1880010EC69 /* UdacityResponses */,
			);
			path = MockData;
			sourceTree = "<group>";
		};
		9CD145D024F645A40010EC69 /* ParseResponses */ = {
			isa = PBXGroup;
			children = (
				9CD145D124F645D90010EC69 /* StudentLocation.swift */,
				9CD145D324F646850010EC69 /* StudentLocationsResults.swift */,
				9CF321E824FD830B00110697 /* AddStudentLocationResponse.swift */,
				9CF321ED24FE368500110697 /* UpdateStudentLocationResponse.swift */,
			);
			path = ParseResponses;
			sourceTree = "<group>";
		};
		9CF321EA24FD8E3400110697 /* Gateway */ = {
			isa = PBXGroup;
			children = (
				9CD145B924F5AAF10010EC69 /* GatewayFactory.swift */,
				9CD145BB24F5AB560010EC69 /* Gateway.swift */,
				9CD145BD24F5AB790010EC69 /* MockGateway.swift */,
				9CD145BF24F5AB9B0010EC69 /* HttpGateway.swift */,
			);
			path = Gateway;
			sourceTree = "<group>";
		};
/* End PBXGroup section */

/* Begin PBXNativeTarget section */
		9CD1459C24F5A6490010EC69 /* OnTheMap */ = {
			isa = PBXNativeTarget;
			buildConfigurationList = 9CD145B124F5A64F0010EC69 /* Build configuration list for PBXNativeTarget "OnTheMap" */;
			buildPhases = (
				9CD1459924F5A6490010EC69 /* Sources */,
				9CD1459A24F5A6490010EC69 /* Frameworks */,
				9CD1459B24F5A6490010EC69 /* Resources */,
			);
			buildRules = (
			);
			dependencies = (
			);
			name = OnTheMap;
			productName = OnTheMap;
			productReference = 9CD1459D24F5A6490010EC69 /* OnTheMap.app */;
			productType = "com.apple.product-type.application";
		};
/* End PBXNativeTarget section */

/* Begin PBXProject section */
		9CD1459524F5A6490010EC69 /* Project object */ = {
			isa = PBXProject;
			attributes = {
				LastSwiftUpdateCheck = 1160;
				LastUpgradeCheck = 1160;
				ORGANIZATIONNAME = "Márcio Oliveira";
				TargetAttributes = {
					9CD1459C24F5A6490010EC69 = {
						CreatedOnToolsVersion = 11.6;
					};
				};
			};
			buildConfigurationList = 9CD1459824F5A6490010EC69 /* Build configuration list for PBXProject "OnTheMap" */;
			compatibilityVersion = "Xcode 9.3";
			developmentRegion = en;
			hasScannedForEncodings = 0;
			knownRegions = (
				en,
				Base,
			);
			mainGroup = 9CD1459424F5A6490010EC69;
			productRefGroup = 9CD1459E24F5A6490010EC69 /* Products */;
			projectDirPath = "";
			projectRoot = "";
			targets = (
				9CD1459C24F5A6490010EC69 /* OnTheMap */,
			);
		};
/* End PBXProject section */

/* Begin PBXResourcesBuildPhase section */
		9CD1459B24F5A6490010EC69 /* Resources */ = {
			isa = PBXResourcesBuildPhase;
			buildActionMask = 2147483647;
			files = (
				9CD145C824F5B1170010EC69 /* put-student-location.json in Resources */,
				9CD145AD24F5A64F0010EC69 /* LaunchScreen.storyboard in Resources */,
				9CD145AA24F5A64F0010EC69 /* Assets.xcassets in Resources */,
				9CD145CC24F5B1170010EC69 /* get-user-data.json in Resources */,
				9CD145CA24F5B1170010EC69 /* delete-session.json in Resources */,
				9CD145C724F5B1170010EC69 /* post-student-location.json in Resources */,
				9CD145C924F5B1170010EC69 /* post-session.json in Resources */,
				9CD145A824F5A6490010EC69 /* Main.storyboard in Resources */,
				9CD145CB24F5B1170010EC69 /* get-student-locations.json in Resources */,
			);
			runOnlyForDeploymentPostprocessing = 0;
		};
/* End PBXResourcesBuildPhase section */

/* Begin PBXSourcesBuildPhase section */
		9CD1459924F5A6490010EC69 /* Sources */ = {
			isa = PBXSourcesBuildPhase;
			buildActionMask = 2147483647;
			files = (
				9CD145A524F5A6490010EC69 /* StudentLocationsMapViewController.swift in Sources */,
				9CD145BA24F5AAF10010EC69 /* GatewayFactory.swift in Sources */,
				9CD145D724F7972E0010EC69 /* StudentLocationsTableViewController.swift in Sources */,
				9CD145BE24F5AB790010EC69 /* MockGateway.swift in Sources */,
				9CD145D224F645D90010EC69 /* StudentLocation.swift in Sources */,
				9CD145A124F5A6490010EC69 /* AppDelegate.swift in Sources */,
				9CD145D424F646850010EC69 /* StudentLocationsResults.swift in Sources */,
				9CD145C024F5AB9B0010EC69 /* HttpGateway.swift in Sources */,
				9CF321E924FD830B00110697 /* AddStudentLocationResponse.swift in Sources */,
				9CD145A324F5A6490010EC69 /* SceneDelegate.swift in Sources */,
				9CF321EE24FE368600110697 /* UpdateStudentLocationResponse.swift in Sources */,
				9CBE717924F7EC1F007A652A /* InformationPostingViewController.swift in Sources */,
				9CD145BC24F5AB560010EC69 /* Gateway.swift in Sources */,
				9CBE717B24F7EC79007A652A /* InformationPostingMapViewController.swift in Sources */,
				9CF321EC24FD8E5F00110697 /* Models.swift in Sources */,
			);
			runOnlyForDeploymentPostprocessing = 0;
		};
/* End PBXSourcesBuildPhase section */

/* Begin PBXVariantGroup section */
		9CD145A624F5A6490010EC69 /* Main.storyboard */ = {
			isa = PBXVariantGroup;
			children = (
				9CD145A724F5A6490010EC69 /* Base */,
			);
			name = Main.storyboard;
			sourceTree = "<group>";
		};
		9CD145AB24F5A64F0010EC69 /* LaunchScreen.storyboard */ = {
			isa = PBXVariantGroup;
			children = (
				9CD145AC24F5A64F0010EC69 /* Base */,
			);
			name = LaunchScreen.storyboard;
			sourceTree = "<group>";
		};
/* End PBXVariantGroup section */

/* Begin XCBuildConfiguration section */
		9CD145AF24F5A64F0010EC69 /* Debug */ = {
			isa = XCBuildConfiguration;
			buildSettings = {
				ALWAYS_SEARCH_USER_PATHS = NO;
				CLANG_ANALYZER_NONNULL = YES;
				CLANG_ANALYZER_NUMBER_OBJECT_CONVERSION = YES_AGGRESSIVE;
				CLANG_CXX_LANGUAGE_STANDARD = "gnu++14";
				CLANG_CXX_LIBRARY = "libc++";
				CLANG_ENABLE_MODULES = YES;
				CLANG_ENABLE_OBJC_ARC = YES;
				CLANG_ENABLE_OBJC_WEAK = YES;
				CLANG_WARN_BLOCK_CAPTURE_AUTORELEASING = YES;
				CLANG_WARN_BOOL_CONVERSION = YES;
				CLANG_WARN_COMMA = YES;
				CLANG_WARN_CONSTANT_CONVERSION = YES;
				CLANG_WARN_DEPRECATED_OBJC_IMPLEMENTATIONS = YES;
				CLANG_WARN_DIRECT_OBJC_ISA_USAGE = YES_ERROR;
				CLANG_WARN_DOCUMENTATION_COMMENTS = YES;
				CLANG_WARN_EMPTY_BODY = YES;
				CLANG_WARN_ENUM_CONVERSION = YES;
				CLANG_WARN_INFINITE_RECURSION = YES;
				CLANG_WARN_INT_CONVERSION = YES;
				CLANG_WARN_NON_LITERAL_NULL_CONVERSION = YES;
				CLANG_WARN_OBJC_IMPLICIT_RETAIN_SELF = YES;
				CLANG_WARN_OBJC_LITERAL_CONVERSION = YES;
				CLANG_WARN_OBJC_ROOT_CLASS = YES_ERROR;
				CLANG_WARN_RANGE_LOOP_ANALYSIS = YES;
				CLANG_WARN_STRICT_PROTOTYPES = YES;
				CLANG_WARN_SUSPICIOUS_MOVE = YES;
				CLANG_WARN_UNGUARDED_AVAILABILITY = YES_AGGRESSIVE;
				CLANG_WARN_UNREACHABLE_CODE = YES;
				CLANG_WARN__DUPLICATE_METHOD_MATCH = YES;
				COPY_PHASE_STRIP = NO;
				DEBUG_INFORMATION_FORMAT = dwarf;
				ENABLE_STRICT_OBJC_MSGSEND = YES;
				ENABLE_TESTABILITY = YES;
				GCC_C_LANGUAGE_STANDARD = gnu11;
				GCC_DYNAMIC_NO_PIC = NO;
				GCC_NO_COMMON_BLOCKS = YES;
				GCC_OPTIMIZATION_LEVEL = 0;
				GCC_PREPROCESSOR_DEFINITIONS = (
					"DEBUG=1",
					"$(inherited)",
				);
				GCC_WARN_64_TO_32_BIT_CONVERSION = YES;
				GCC_WARN_ABOUT_RETURN_TYPE = YES_ERROR;
				GCC_WARN_UNDECLARED_SELECTOR = YES;
				GCC_WARN_UNINITIALIZED_AUTOS = YES_AGGRESSIVE;
				GCC_WARN_UNUSED_FUNCTION = YES;
				GCC_WARN_UNUSED_VARIABLE = YES;
				IPHONEOS_DEPLOYMENT_TARGET = 13.6;
				MTL_ENABLE_DEBUG_INFO = INCLUDE_SOURCE;
				MTL_FAST_MATH = YES;
				ONLY_ACTIVE_ARCH = YES;
				SDKROOT = iphoneos;
				SWIFT_ACTIVE_COMPILATION_CONDITIONS = DEBUG;
				SWIFT_OPTIMIZATION_LEVEL = "-Onone";
			};
			name = Debug;
		};
		9CD145B024F5A64F0010EC69 /* Release */ = {
			isa = XCBuildConfiguration;
			buildSettings = {
				ALWAYS_SEARCH_USER_PATHS = NO;
				CLANG_ANALYZER_NONNULL = YES;
				CLANG_ANALYZER_NUMBER_OBJECT_CONVERSION = YES_AGGRESSIVE;
				CLANG_CXX_LANGUAGE_STANDARD = "gnu++14";
				CLANG_CXX_LIBRARY = "libc++";
				CLANG_ENABLE_MODULES = YES;
				CLANG_ENABLE_OBJC_ARC = YES;
				CLANG_ENABLE_OBJC_WEAK = YES;
				CLANG_WARN_BLOCK_CAPTURE_AUTORELEASING = YES;
				CLANG_WARN_BOOL_CONVERSION = YES;
				CLANG_WARN_COMMA = YES;
				CLANG_WARN_CONSTANT_CONVERSION = YES;
				CLANG_WARN_DEPRECATED_OBJC_IMPLEMENTATIONS = YES;
				CLANG_WARN_DIRECT_OBJC_ISA_USAGE = YES_ERROR;
				CLANG_WARN_DOCUMENTATION_COMMENTS = YES;
				CLANG_WARN_EMPTY_BODY = YES;
				CLANG_WARN_ENUM_CONVERSION = YES;
				CLANG_WARN_INFINITE_RECURSION = YES;
				CLANG_WARN_INT_CONVERSION = YES;
				CLANG_WARN_NON_LITERAL_NULL_CONVERSION = YES;
				CLANG_WARN_OBJC_IMPLICIT_RETAIN_SELF = YES;
				CLANG_WARN_OBJC_LITERAL_CONVERSION = YES;
				CLANG_WARN_OBJC_ROOT_CLASS = YES_ERROR;
				CLANG_WARN_RANGE_LOOP_ANALYSIS = YES;
				CLANG_WARN_STRICT_PROTOTYPES = YES;
				CLANG_WARN_SUSPICIOUS_MOVE = YES;
				CLANG_WARN_UNGUARDED_AVAILABILITY = YES_AGGRESSIVE;
				CLANG_WARN_UNREACHABLE_CODE = YES;
				CLANG_WARN__DUPLICATE_METHOD_MATCH = YES;
				COPY_PHASE_STRIP = NO;
				DEBUG_INFORMATION_FORMAT = "dwarf-with-dsym";
				ENABLE_NS_ASSERTIONS = NO;
				ENABLE_STRICT_OBJC_MSGSEND = YES;
				GCC_C_LANGUAGE_STANDARD = gnu11;
				GCC_NO_COMMON_BLOCKS = YES;
				GCC_WARN_64_TO_32_BIT_CONVERSION = YES;
				GCC_WARN_ABOUT_RETURN_TYPE = YES_ERROR;
				GCC_WARN_UNDECLARED_SELECTOR = YES;
				GCC_WARN_UNINITIALIZED_AUTOS = YES_AGGRESSIVE;
				GCC_WARN_UNUSED_FUNCTION = YES;
				GCC_WARN_UNUSED_VARIABLE = YES;
				IPHONEOS_DEPLOYMENT_TARGET = 13.6;
				MTL_ENABLE_DEBUG_INFO = NO;
				MTL_FAST_MATH = YES;
				SDKROOT = iphoneos;
				SWIFT_COMPILATION_MODE = wholemodule;
				SWIFT_OPTIMIZATION_LEVEL = "-O";
				VALIDATE_PRODUCT = YES;
			};
			name = Release;
		};
		9CD145B224F5A64F0010EC69 /* Debug */ = {
			isa = XCBuildConfiguration;
			buildSettings = {
				ASSETCATALOG_COMPILER_APPICON_NAME = AppIcon;
				CODE_SIGN_STYLE = Automatic;
				DEVELOPMENT_TEAM = 36PZ948353;
				INFOPLIST_FILE = OnTheMap/Info.plist;
				LD_RUNPATH_SEARCH_PATHS = (
					"$(inherited)",
					"@executable_path/Frameworks",
				);
				PRODUCT_BUNDLE_IDENTIFIER = com.marcio.OnTheMap;
				PRODUCT_NAME = "$(TARGET_NAME)";
				SWIFT_VERSION = 5.0;
				TARGETED_DEVICE_FAMILY = "1,2";
			};
			name = Debug;
		};
		9CD145B324F5A64F0010EC69 /* Release */ = {
			isa = XCBuildConfiguration;
			buildSettings = {
				ASSETCATALOG_COMPILER_APPICON_NAME = AppIcon;
				CODE_SIGN_STYLE = Automatic;
				DEVELOPMENT_TEAM = 36PZ948353;
				INFOPLIST_FILE = OnTheMap/Info.plist;
				LD_RUNPATH_SEARCH_PATHS = (
					"$(inherited)",
					"@executable_path/Frameworks",
				);
				PRODUCT_BUNDLE_IDENTIFIER = com.marcio.OnTheMap;
				PRODUCT_NAME = "$(TARGET_NAME)";
				SWIFT_VERSION = 5.0;
				TARGETED_DEVICE_FAMILY = "1,2";
			};
			name = Release;
		};
/* End XCBuildConfiguration section */

/* Begin XCConfigurationList section */
		9CD1459824F5A6490010EC69 /* Build configuration list for PBXProject "OnTheMap" */ = {
			isa = XCConfigurationList;
			buildConfigurations = (
				9CD145AF24F5A64F0010EC69 /* Debug */,
				9CD145B024F5A64F0010EC69 /* Release */,
			);
			defaultConfigurationIsVisible = 0;
			defaultConfigurationName = Release;
		};
		9CD145B124F5A64F0010EC69 /* Build configuration list for PBXNativeTarget "OnTheMap" */ = {
			isa = XCConfigurationList;
			buildConfigurations = (
				9CD145B224F5A64F0010EC69 /* Debug */,
				9CD145B324F5A64F0010EC69 /* Release */,
			);
			defaultConfigurationIsVisible = 0;
			defaultConfigurationName = Release;
		};
/* End XCConfigurationList section */
	};
	rootObject = 9CD1459524F5A6490010EC69 /* Project object */;
}
